
Microsoft Visual Studio Solution File, Format Version 12.00
# Visual Studio Version 17
VisualStudioVersion = 17.11.35219.272
MinimumVisualStudioVersion = 10.0.40219.1
Project("{9A19103F-16F7-4668-BE54-9A1E7A4F7556}") = "UserAppService", "UserAppService\UserAppService.csproj", "{DF5AE88A-2328-4F24-9417-160FD9C7D4B6}"
EndProject
Project("{FAE04EC0-301F-11D3-BF4B-00C04F79EFBC}") = "UserPostAppService", "UserPostAppService\UserPostAppService.csproj", "{957D469B-26EB-459A-BC3F-F6B6279DEDB6}"
EndProject
Global
	GlobalSection(SolutionConfigurationPlatforms) = preSolution
		Debug|Any CPU = Debug|Any CPU
		Release|Any CPU = Release|Any CPU
	EndGlobalSection
	GlobalSection(ProjectConfigurationPlatforms) = postSolution
		{DF5AE88A-2328-4F24-9417-160FD9C7D4B6}.Debug|Any CPU.ActiveCfg = Debug|Any CPU
		{DF5AE88A-2328-4F24-9417-160FD9C7D4B6}.Debug|Any CPU.Build.0 = Debug|Any CPU
		{DF5AE88A-2328-4F24-9417-160FD9C7D4B6}.Release|Any CPU.ActiveCfg = Release|Any CPU
		{DF5AE88A-2328-4F24-9417-160FD9C7D4B6}.Release|Any CPU.Build.0 = Release|Any CPU
		{957D469B-26EB-459A-BC3F-F6B6279DEDB6}.Debug|Any CPU.ActiveCfg = Debug|Any CPU
		{957D469B-26EB-459A-BC3F-F6B6279DEDB6}.Debug|Any CPU.Build.0 = Debug|Any CPU
		{957D469B-26EB-459A-BC3F-F6B6279DEDB6}.Release|Any CPU.ActiveCfg = Release|Any CPU
		{957D469B-26EB-459A-BC3F-F6B6279DEDB6}.Release|Any CPU.Build.0 = Release|Any CPU
	EndGlobalSection
	GlobalSection(SolutionProperties) = preSolution
		HideSolutionNode = FALSE
	EndGlobalSection
	GlobalSection(ExtensibilityGlobals) = postSolution
		SolutionGuid = {C0084825-72DD-4602-8103-3AFFC6BBEDFE}
	EndGlobalSection
EndGlobal
